
Microsoft Visual Studio Solution File, Format Version 12.00
# Visual Studio 14
VisualStudioVersion = 14.0.25123.0
MinimumVisualStudioVersion = 10.0.40219.1
Project("{8BB2217D-0F2D-49D1-97BC-3654ED321F3B}") = "dojo4angular.server", "dojo4angular.server\dojo4angular.server.xproj", "{457B4487-23A2-4B0B-9244-0CC2C0D3536B}"
EndProject
Global
	GlobalSection(SolutionConfigurationPlatforms) = preSolution
		Debug|Any CPU = Debug|Any CPU
		Release|Any CPU = Release|Any CPU
	EndGlobalSection
	GlobalSection(ProjectConfigurationPlatforms) = postSolution
		{457B4487-23A2-4B0B-9244-0CC2C0D3536B}.Debug|Any CPU.ActiveCfg = Debug|Any CPU
		{457B4487-23A2-4B0B-9244-0CC2C0D3536B}.Debug|Any CPU.Build.0 = Debug|Any CPU
		{457B4487-23A2-4B0B-9244-0CC2C0D3536B}.Release|Any CPU.ActiveCfg = Release|Any CPU
		{457B4487-23A2-4B0B-9244-0CC2C0D3536B}.Release|Any CPU.Build.0 = Release|Any CPU
	EndGlobalSection
	GlobalSection(SolutionProperties) = preSolution
		HideSolutionNode = FALSE
	EndGlobalSection
EndGlobal
